
Microsoft Visual Studio Solution File, Format Version 12.00
# Visual Studio Version 17
VisualStudioVersion = 17.4.33122.133
MinimumVisualStudioVersion = 10.0.40219.1
Project("{FAE04EC0-301F-11D3-BF4B-00C04F79EFBC}") = "BE-CRUD_ESTUDIANTES", "BE-CRUD_ESTUDIANTES\BE-CRUD_ESTUDIANTES.csproj", "{BF2B6A06-3D12-49D9-82F9-52FEF1B07F1D}"
EndProject
Global
	GlobalSection(SolutionConfigurationPlatforms) = preSolution
		Debug|Any CPU = Debug|Any CPU
		Release|Any CPU = Release|Any CPU
	EndGlobalSection
	GlobalSection(ProjectConfigurationPlatforms) = postSolution
		{BF2B6A06-3D12-49D9-82F9-52FEF1B07F1D}.Debug|Any CPU.ActiveCfg = Debug|Any CPU
		{BF2B6A06-3D12-49D9-82F9-52FEF1B07F1D}.Debug|Any CPU.Build.0 = Debug|Any CPU
		{BF2B6A06-3D12-49D9-82F9-52FEF1B07F1D}.Release|Any CPU.ActiveCfg = Release|Any CPU
		{BF2B6A06-3D12-49D9-82F9-52FEF1B07F1D}.Release|Any CPU.Build.0 = Release|Any CPU
	EndGlobalSection
	GlobalSection(SolutionProperties) = preSolution
		HideSolutionNode = FALSE
	EndGlobalSection
	GlobalSection(ExtensibilityGlobals) = postSolution
		SolutionGuid = {B5511303-9D77-44A1-90BF-1E47E8BD9581}
	EndGlobalSection
EndGlobal
